
Microsoft Visual Studio Solution File, Format Version 12.00
# Visual Studio Version 17
VisualStudioVersion = 17.13.35919.96 d17.13
MinimumVisualStudioVersion = 10.0.40219.1
Project("{FAE04EC0-301F-11D3-BF4B-00C04F79EFBC}") = "UMPC Production", "UMPC Production.csproj", "{56E49C41-53B0-45C3-AA5E-A14F52EA985E}"
EndProject
Global
	GlobalSection(SolutionConfigurationPlatforms) = preSolution
		Debug|Any CPU = Debug|Any CPU
		Release|Any CPU = Release|Any CPU
	EndGlobalSection
	GlobalSection(ProjectConfigurationPlatforms) = postSolution
		{56E49C41-53B0-45C3-AA5E-A14F52EA985E}.Debug|Any CPU.ActiveCfg = Debug|Any CPU
		{56E49C41-53B0-45C3-AA5E-A14F52EA985E}.Debug|Any CPU.Build.0 = Debug|Any CPU
		{56E49C41-53B0-45C3-AA5E-A14F52EA985E}.Release|Any CPU.ActiveCfg = Release|Any CPU
		{56E49C41-53B0-45C3-AA5E-A14F52EA985E}.Release|Any CPU.Build.0 = Release|Any CPU
	EndGlobalSection
	GlobalSection(SolutionProperties) = preSolution
		HideSolutionNode = FALSE
	EndGlobalSection
	GlobalSection(ExtensibilityGlobals) = postSolution
		SolutionGuid = {14A0DDF7-6567-4DBE-ACF3-A28A92911349}
	EndGlobalSection
EndGlobal
